
Microsoft Visual Studio Solution File, Format Version 12.00
# Visual Studio Version 16
VisualStudioVersion = 16.0.30001.183
MinimumVisualStudioVersion = 10.0.40219.1
Project("{9A19103F-16F7-4668-BE54-9A1E7A4F7556}") = "Core.Processor", "src\Core.Processor\Core.Processor.csproj", "{F915694C-CE50-45F7-9882-E549DC08609F}"
EndProject
Global
	GlobalSection(SolutionConfigurationPlatforms) = preSolution
		Debug|Any CPU = Debug|Any CPU
		Release|Any CPU = Release|Any CPU
	EndGlobalSection
	GlobalSection(ProjectConfigurationPlatforms) = postSolution
		{F915694C-CE50-45F7-9882-E549DC08609F}.Debug|Any CPU.ActiveCfg = Debug|Any CPU
		{F915694C-CE50-45F7-9882-E549DC08609F}.Debug|Any CPU.Build.0 = Debug|Any CPU
		{F915694C-CE50-45F7-9882-E549DC08609F}.Release|Any CPU.ActiveCfg = Release|Any CPU
		{F915694C-CE50-45F7-9882-E549DC08609F}.Release|Any CPU.Build.0 = Release|Any CPU
	EndGlobalSection
	GlobalSection(SolutionProperties) = preSolution
		HideSolutionNode = FALSE
	EndGlobalSection
	GlobalSection(ExtensibilityGlobals) = postSolution
		SolutionGuid = {2EED5A6A-E2ED-410D-99ED-2582B5AE0FF6}
	EndGlobalSection
EndGlobal
